
Microsoft Visual Studio Solution File, Format Version 12.00
# Visual Studio Version 17
VisualStudioVersion = 17.0.31903.59
MinimumVisualStudioVersion = 10.0.40219.1
Project("{2150E333-8FDC-42A3-9474-1A3956D46DE8}") = "src", "src", "{827E0CD3-B72D-47B6-A68D-7590B98EB39B}"
EndProject
Project("{FAE04EC0-301F-11D3-BF4B-00C04F79EFBC}") = "LiftTracker.Domain", "src\LiftTracker.Domain\LiftTracker.Domain.csproj", "{EFC0204F-434A-4D5A-8CDE-03EEB06C3911}"
EndProject
Project("{FAE04EC0-301F-11D3-BF4B-00C04F79EFBC}") = "LiftTracker.Application", "src\LiftTracker.Application\LiftTracker.Application.csproj", "{6DE8FA08-D8F6-4E76-AD19-A6A946F26382}"
EndProject
Project("{FAE04EC0-301F-11D3-BF4B-00C04F79EFBC}") = "LiftTracker.Infrastructure", "src\LiftTracker.Infrastructure\LiftTracker.Infrastructure.csproj", "{AEA11C0D-E36A-401F-A170-6DD3614BC4A1}"
EndProject
Project("{FAE04EC0-301F-11D3-BF4B-00C04F79EFBC}") = "LiftTracker.API", "src\LiftTracker.API\LiftTracker.API.csproj", "{C8E27AA4-4C90-4A74-B7D1-6F9AAFA0A718}"
EndProject
Project("{FAE04EC0-301F-11D3-BF4B-00C04F79EFBC}") = "LiftTracker.Client", "src\LiftTracker.Client\LiftTracker.Client.csproj", "{FFD3DD85-14EE-4040-8952-DD22E1BB880F}"
EndProject
Project("{2150E333-8FDC-42A3-9474-1A3956D46DE8}") = "tests", "tests", "{0AB3BF05-4346-4AA6-1389-037BE0695223}"
EndProject
Project("{FAE04EC0-301F-11D3-BF4B-00C04F79EFBC}") = "LiftTracker.Domain.Tests", "tests\LiftTracker.Domain.Tests\LiftTracker.Domain.Tests.csproj", "{05BC87DE-BC97-49B9-9612-2C5EF4281982}"
EndProject
Project("{FAE04EC0-301F-11D3-BF4B-00C04F79EFBC}") = "LiftTracker.Application.Tests", "tests\LiftTracker.Application.Tests\LiftTracker.Application.Tests.csproj", "{BCD98E36-D3BC-4AC1-BD48-9916894388AB}"
EndProject
Project("{FAE04EC0-301F-11D3-BF4B-00C04F79EFBC}") = "LiftTracker.API.Tests", "tests\LiftTracker.API.Tests\LiftTracker.API.Tests.csproj", "{47A0DD9C-0DD5-4AAE-AC95-5B6DC2A70C63}"
EndProject
Project("{FAE04EC0-301F-11D3-BF4B-00C04F79EFBC}") = "LiftTracker.Client.Tests", "tests\LiftTracker.Client.Tests\LiftTracker.Client.Tests.csproj", "{0FC8B67D-B72E-4C76-A1F2-8ADC75332250}"
EndProject
Project("{FAE04EC0-301F-11D3-BF4B-00C04F79EFBC}") = "LiftTracker.IntegrationTests", "tests\LiftTracker.IntegrationTests\LiftTracker.IntegrationTests.csproj", "{70FD1EBB-A149-491E-98D9-5BFD80884A5E}"
EndProject
Global
	GlobalSection(SolutionConfigurationPlatforms) = preSolution
		Debug|Any CPU = Debug|Any CPU
		Debug|x64 = Debug|x64
		Debug|x86 = Debug|x86
		Release|Any CPU = Release|Any CPU
		Release|x64 = Release|x64
		Release|x86 = Release|x86
	EndGlobalSection
	GlobalSection(ProjectConfigurationPlatforms) = postSolution
		{EFC0204F-434A-4D5A-8CDE-03EEB06C3911}.Debug|Any CPU.ActiveCfg = Debug|Any CPU
		{EFC0204F-434A-4D5A-8CDE-03EEB06C3911}.Debug|Any CPU.Build.0 = Debug|Any CPU
		{EFC0204F-434A-4D5A-8CDE-03EEB06C3911}.Debug|x64.ActiveCfg = Debug|Any CPU
		{EFC0204F-434A-4D5A-8CDE-03EEB06C3911}.Debug|x64.Build.0 = Debug|Any CPU
		{EFC0204F-434A-4D5A-8CDE-03EEB06C3911}.Debug|x86.ActiveCfg = Debug|Any CPU
		{EFC0204F-434A-4D5A-8CDE-03EEB06C3911}.Debug|x86.Build.0 = Debug|Any CPU
		{EFC0204F-434A-4D5A-8CDE-03EEB06C3911}.Release|Any CPU.ActiveCfg = Release|Any CPU
		{EFC0204F-434A-4D5A-8CDE-03EEB06C3911}.Release|Any CPU.Build.0 = Release|Any CPU
		{EFC0204F-434A-4D5A-8CDE-03EEB06C3911}.Release|x64.ActiveCfg = Release|Any CPU
		{EFC0204F-434A-4D5A-8CDE-03EEB06C3911}.Release|x64.Build.0 = Release|Any CPU
		{EFC0204F-434A-4D5A-8CDE-03EEB06C3911}.Release|x86.ActiveCfg = Release|Any CPU
		{EFC0204F-434A-4D5A-8CDE-03EEB06C3911}.Release|x86.Build.0 = Release|Any CPU
		{6DE8FA08-D8F6-4E76-AD19-A6A946F26382}.Debug|Any CPU.ActiveCfg = Debug|Any CPU
		{6DE8FA08-D8F6-4E76-AD19-A6A946F26382}.Debug|Any CPU.Build.0 = Debug|Any CPU
		{6DE8FA08-D8F6-4E76-AD19-A6A946F26382}.Debug|x64.ActiveCfg = Debug|Any CPU
		{6DE8FA08-D8F6-4E76-AD19-A6A946F26382}.Debug|x64.Build.0 = Debug|Any CPU
		{6DE8FA08-D8F6-4E76-AD19-A6A946F26382}.Debug|x86.ActiveCfg = Debug|Any CPU
		{6DE8FA08-D8F6-4E76-AD19-A6A946F26382}.Debug|x86.Build.0 = Debug|Any CPU
		{6DE8FA08-D8F6-4E76-AD19-A6A946F26382}.Release|Any CPU.ActiveCfg = Release|Any CPU
		{6DE8FA08-D8F6-4E76-AD19-A6A946F26382}.Release|Any CPU.Build.0 = Release|Any CPU
		{6DE8FA08-D8F6-4E76-AD19-A6A946F26382}.Release|x64.ActiveCfg = Release|Any CPU
		{6DE8FA08-D8F6-4E76-AD19-A6A946F26382}.Release|x64.Build.0 = Release|Any CPU
		{6DE8FA08-D8F6-4E76-AD19-A6A946F26382}.Release|x86.ActiveCfg = Release|Any CPU
		{6DE8FA08-D8F6-4E76-AD19-A6A946F26382}.Release|x86.Build.0 = Release|Any CPU
		{AEA11C0D-E36A-401F-A170-6DD3614BC4A1}.Debug|Any CPU.ActiveCfg = Debug|Any CPU
		{AEA11C0D-E36A-401F-A170-6DD3614BC4A1}.Debug|Any CPU.Build.0 = Debug|Any CPU
		{AEA11C0D-E36A-401F-A170-6DD3614BC4A1}.Debug|x64.ActiveCfg = Debug|Any CPU
		{AEA11C0D-E36A-401F-A170-6DD3614BC4A1}.Debug|x64.Build.0 = Debug|Any CPU
		{AEA11C0D-E36A-401F-A170-6DD3614BC4A1}.Debug|x86.ActiveCfg = Debug|Any CPU
		{AEA11C0D-E36A-401F-A170-6DD3614BC4A1}.Debug|x86.Build.0 = Debug|Any CPU
		{AEA11C0D-E36A-401F-A170-6DD3614BC4A1}.Release|Any CPU.ActiveCfg = Release|Any CPU
		{AEA11C0D-E36A-401F-A170-6DD3614BC4A1}.Release|Any CPU.Build.0 = Release|Any CPU
		{AEA11C0D-E36A-401F-A170-6DD3614BC4A1}.Release|x64.ActiveCfg = Release|Any CPU
		{AEA11C0D-E36A-401F-A170-6DD3614BC4A1}.Release|x64.Build.0 = Release|Any CPU
		{AEA11C0D-E36A-401F-A170-6DD3614BC4A1}.Release|x86.ActiveCfg = Release|Any CPU
		{AEA11C0D-E36A-401F-A170-6DD3614BC4A1}.Release|x86.Build.0 = Release|Any CPU
		{C8E27AA4-4C90-4A74-B7D1-6F9AAFA0A718}.Debug|Any CPU.ActiveCfg = Debug|Any CPU
		{C8E27AA4-4C90-4A74-B7D1-6F9AAFA0A718}.Debug|Any CPU.Build.0 = Debug|Any CPU
		{C8E27AA4-4C90-4A74-B7D1-6F9AAFA0A718}.Debug|x64.ActiveCfg = Debug|Any CPU
		{C8E27AA4-4C90-4A74-B7D1-6F9AAFA0A718}.Debug|x64.Build.0 = Debug|Any CPU
		{C8E27AA4-4C90-4A74-B7D1-6F9AAFA0A718}.Debug|x86.ActiveCfg = Debug|Any CPU
		{C8E27AA4-4C90-4A74-B7D1-6F9AAFA0A718}.Debug|x86.Build.0 = Debug|Any CPU
		{C8E27AA4-4C90-4A74-B7D1-6F9AAFA0A718}.Release|Any CPU.ActiveCfg = Release|Any CPU
		{C8E27AA4-4C90-4A74-B7D1-6F9AAFA0A718}.Release|Any CPU.Build.0 = Release|Any CPU
		{C8E27AA4-4C90-4A74-B7D1-6F9AAFA0A718}.Release|x64.ActiveCfg = Release|Any CPU
		{C8E27AA4-4C90-4A74-B7D1-6F9AAFA0A718}.Release|x64.Build.0 = Release|Any CPU
		{C8E27AA4-4C90-4A74-B7D1-6F9AAFA0A718}.Release|x86.ActiveCfg = Release|Any CPU
		{C8E27AA4-4C90-4A74-B7D1-6F9AAFA0A718}.Release|x86.Build.0 = Release|Any CPU
		{FFD3DD85-14EE-4040-8952-DD22E1BB880F}.Debug|Any CPU.ActiveCfg = Debug|Any CPU
		{FFD3DD85-14EE-4040-8952-DD22E1BB880F}.Debug|Any CPU.Build.0 = Debug|Any CPU
		{FFD3DD85-14EE-4040-8952-DD22E1BB880F}.Debug|x64.ActiveCfg = Debug|Any CPU
		{FFD3DD85-14EE-4040-8952-DD22E1BB880F}.Debug|x64.Build.0 = Debug|Any CPU
		{FFD3DD85-14EE-4040-8952-DD22E1BB880F}.Debug|x86.ActiveCfg = Debug|Any CPU
		{FFD3DD85-14EE-4040-8952-DD22E1BB880F}.Debug|x86.Build.0 = Debug|Any CPU
		{FFD3DD85-14EE-4040-8952-DD22E1BB880F}.Release|Any CPU.ActiveCfg = Release|Any CPU
		{FFD3DD85-14EE-4040-8952-DD22E1BB880F}.Release|Any CPU.Build.0 = Release|Any CPU
		{FFD3DD85-14EE-4040-8952-DD22E1BB880F}.Release|x64.ActiveCfg = Release|Any CPU
		{FFD3DD85-14EE-4040-8952-DD22E1BB880F}.Release|x64.Build.0 = Release|Any CPU
		{FFD3DD85-14EE-4040-8952-DD22E1BB880F}.Release|x86.ActiveCfg = Release|Any CPU
		{FFD3DD85-14EE-4040-8952-DD22E1BB880F}.Release|x86.Build.0 = Release|Any CPU
		{05BC87DE-BC97-49B9-9612-2C5EF4281982}.Debug|Any CPU.ActiveCfg = Debug|Any CPU
		{05BC87DE-BC97-49B9-9612-2C5EF4281982}.Debug|Any CPU.Build.0 = Debug|Any CPU
		{05BC87DE-BC97-49B9-9612-2C5EF4281982}.Debug|x64.ActiveCfg = Debug|Any CPU
		{05BC87DE-BC97-49B9-9612-2C5EF4281982}.Debug|x64.Build.0 = Debug|Any CPU
		{05BC87DE-BC97-49B9-9612-2C5EF4281982}.Debug|x86.ActiveCfg = Debug|Any CPU
		{05BC87DE-BC97-49B9-9612-2C5EF4281982}.Debug|x86.Build.0 = Debug|Any CPU
		{05BC87DE-BC97-49B9-9612-2C5EF4281982}.Release|Any CPU.ActiveCfg = Release|Any CPU
		{05BC87DE-BC97-49B9-9612-2C5EF4281982}.Release|Any CPU.Build.0 = Release|Any CPU
		{05BC87DE-BC97-49B9-9612-2C5EF4281982}.Release|x64.ActiveCfg = Release|Any CPU
		{05BC87DE-BC97-49B9-9612-2C5EF4281982}.Release|x64.Build.0 = Release|Any CPU
		{05BC87DE-BC97-49B9-9612-2C5EF4281982}.Release|x86.ActiveCfg = Release|Any CPU
		{05BC87DE-BC97-49B9-9612-2C5EF4281982}.Release|x86.Build.0 = Release|Any CPU
		{BCD98E36-D3BC-4AC1-BD48-9916894388AB}.Debug|Any CPU.ActiveCfg = Debug|Any CPU
		{BCD98E36-D3BC-4AC1-BD48-9916894388AB}.Debug|Any CPU.Build.0 = Debug|Any CPU
		{BCD98E36-D3BC-4AC1-BD48-9916894388AB}.Debug|x64.ActiveCfg = Debug|Any CPU
		{BCD98E36-D3BC-4AC1-BD48-9916894388AB}.Debug|x64.Build.0 = Debug|Any CPU
		{BCD98E36-D3BC-4AC1-BD48-9916894388AB}.Debug|x86.ActiveCfg = Debug|Any CPU
		{BCD98E36-D3BC-4AC1-BD48-9916894388AB}.Debug|x86.Build.0 = Debug|Any CPU
		{BCD98E36-D3BC-4AC1-BD48-9916894388AB}.Release|Any CPU.ActiveCfg = Release|Any CPU
		{BCD98E36-D3BC-4AC1-BD48-9916894388AB}.Release|Any CPU.Build.0 = Release|Any CPU
		{BCD98E36-D3BC-4AC1-BD48-9916894388AB}.Release|x64.ActiveCfg = Release|Any CPU
		{BCD98E36-D3BC-4AC1-BD48-9916894388AB}.Release|x64.Build.0 = Release|Any CPU
		{BCD98E36-D3BC-4AC1-BD48-9916894388AB}.Release|x86.ActiveCfg = Release|Any CPU
		{BCD98E36-D3BC-4AC1-BD48-9916894388AB}.Release|x86.Build.0 = Release|Any CPU
		{47A0DD9C-0DD5-4AAE-AC95-5B6DC2A70C63}.Debug|Any CPU.ActiveCfg = Debug|Any CPU
		{47A0DD9C-0DD5-4AAE-AC95-5B6DC2A70C63}.Debug|Any CPU.Build.0 = Debug|Any CPU
		{47A0DD9C-0DD5-4AAE-AC95-5B6DC2A70C63}.Debug|x64.ActiveCfg = Debug|Any CPU
		{47A0DD9C-0DD5-4AAE-AC95-5B6DC2A70C63}.Debug|x64.Build.0 = Debug|Any CPU
		{47A0DD9C-0DD5-4AAE-AC95-5B6DC2A70C63}.Debug|x86.ActiveCfg = Debug|Any CPU
		{47A0DD9C-0DD5-4AAE-AC95-5B6DC2A70C63}.Debug|x86.Build.0 = Debug|Any CPU
		{47A0DD9C-0DD5-4AAE-AC95-5B6DC2A70C63}.Release|Any CPU.ActiveCfg = Release|Any CPU
		{47A0DD9C-0DD5-4AAE-AC95-5B6DC2A70C63}.Release|Any CPU.Build.0 = Release|Any CPU
		{47A0DD9C-0DD5-4AAE-AC95-5B6DC2A70C63}.Release|x64.ActiveCfg = Release|Any CPU
		{47A0DD9C-0DD5-4AAE-AC95-5B6DC2A70C63}.Release|x64.Build.0 = Release|Any CPU
		{47A0DD9C-0DD5-4AAE-AC95-5B6DC2A70C63}.Release|x86.ActiveCfg = Release|Any CPU
		{47A0DD9C-0DD5-4AAE-AC95-5B6DC2A70C63}.Release|x86.Build.0 = Release|Any CPU
		{0FC8B67D-B72E-4C76-A1F2-8ADC75332250}.Debug|Any CPU.ActiveCfg = Debug|Any CPU
		{0FC8B67D-B72E-4C76-A1F2-8ADC75332250}.Debug|Any CPU.Build.0 = Debug|Any CPU
		{0FC8B67D-B72E-4C76-A1F2-8ADC75332250}.Debug|x64.ActiveCfg = Debug|Any CPU
		{0FC8B67D-B72E-4C76-A1F2-8ADC75332250}.Debug|x64.Build.0 = Debug|Any CPU
		{0FC8B67D-B72E-4C76-A1F2-8ADC75332250}.Debug|x86.ActiveCfg = Debug|Any CPU
		{0FC8B67D-B72E-4C76-A1F2-8ADC75332250}.Debug|x86.Build.0 = Debug|Any CPU
		{0FC8B67D-B72E-4C76-A1F2-8ADC75332250}.Release|Any CPU.ActiveCfg = Release|Any CPU
		{0FC8B67D-B72E-4C76-A1F2-8ADC75332250}.Release|Any CPU.Build.0 = Release|Any CPU
		{0FC8B67D-B72E-4C76-A1F2-8ADC75332250}.Release|x64.ActiveCfg = Release|Any CPU
		{0FC8B67D-B72E-4C76-A1F2-8ADC75332250}.Release|x64.Build.0 = Release|Any CPU
		{0FC8B67D-B72E-4C76-A1F2-8ADC75332250}.Release|x86.ActiveCfg = Release|Any CPU
		{0FC8B67D-B72E-4C76-A1F2-8ADC75332250}.Release|x86.Build.0 = Release|Any CPU
		{70FD1EBB-A149-491E-98D9-5BFD80884A5E}.Debug|Any CPU.ActiveCfg = Debug|Any CPU
		{70FD1EBB-A149-491E-98D9-5BFD80884A5E}.Debug|Any CPU.Build.0 = Debug|Any CPU
		{70FD1EBB-A149-491E-98D9-5BFD80884A5E}.Debug|x64.ActiveCfg = Debug|Any CPU
		{70FD1EBB-A149-491E-98D9-5BFD80884A5E}.Debug|x64.Build.0 = Debug|Any CPU
		{70FD1EBB-A149-491E-98D9-5BFD80884A5E}.Debug|x86.ActiveCfg = Debug|Any CPU
		{70FD1EBB-A149-491E-98D9-5BFD80884A5E}.Debug|x86.Build.0 = Debug|Any CPU
		{70FD1EBB-A149-491E-98D9-5BFD80884A5E}.Release|Any CPU.ActiveCfg = Release|Any CPU
		{70FD1EBB-A149-491E-98D9-5BFD80884A5E}.Release|Any CPU.Build.0 = Release|Any CPU
		{70FD1EBB-A149-491E-98D9-5BFD80884A5E}.Release|x64.ActiveCfg = Release|Any CPU
		{70FD1EBB-A149-491E-98D9-5BFD80884A5E}.Release|x64.Build.0 = Release|Any CPU
		{70FD1EBB-A149-491E-98D9-5BFD80884A5E}.Release|x86.ActiveCfg = Release|Any CPU
		{70FD1EBB-A149-491E-98D9-5BFD80884A5E}.Release|x86.Build.0 = Release|Any CPU
	EndGlobalSection
	GlobalSection(SolutionProperties) = preSolution
		HideSolutionNode = FALSE
	EndGlobalSection
	GlobalSection(NestedProjects) = preSolution
		{EFC0204F-434A-4D5A-8CDE-03EEB06C3911} = {827E0CD3-B72D-47B6-A68D-7590B98EB39B}
		{6DE8FA08-D8F6-4E76-AD19-A6A946F26382} = {827E0CD3-B72D-47B6-A68D-7590B98EB39B}
		{AEA11C0D-E36A-401F-A170-6DD3614BC4A1} = {827E0CD3-B72D-47B6-A68D-7590B98EB39B}
		{C8E27AA4-4C90-4A74-B7D1-6F9AAFA0A718} = {827E0CD3-B72D-47B6-A68D-7590B98EB39B}
		{FFD3DD85-14EE-4040-8952-DD22E1BB880F} = {827E0CD3-B72D-47B6-A68D-7590B98EB39B}
		{05BC87DE-BC97-49B9-9612-2C5EF4281982} = {0AB3BF05-4346-4AA6-1389-037BE0695223}
		{BCD98E36-D3BC-4AC1-BD48-9916894388AB} = {0AB3BF05-4346-4AA6-1389-037BE0695223}
		{47A0DD9C-0DD5-4AAE-AC95-5B6DC2A70C63} = {0AB3BF05-4346-4AA6-1389-037BE0695223}
		{0FC8B67D-B72E-4C76-A1F2-8ADC75332250} = {0AB3BF05-4346-4AA6-1389-037BE0695223}
		{70FD1EBB-A149-491E-98D9-5BFD80884A5E} = {0AB3BF05-4346-4AA6-1389-037BE0695223}
	EndGlobalSection
EndGlobal
